
Microsoft Visual Studio Solution File, Format Version 12.00
# Visual Studio 15
VisualStudioVersion = 15.0.28307.168
MinimumVisualStudioVersion = 10.0.40219.1
Project("{9A19103F-16F7-4668-BE54-9A1E7A4F7556}") = "ChangeFeedConsole", "ChangeFeedConsole\ChangeFeedConsole.csproj", "{C1EF8573-3F6A-489C-9844-25FEEAA7CF11}"
EndProject
Project("{9A19103F-16F7-4668-BE54-9A1E7A4F7556}") = "DocumentDB.ChangeFeedProcessor", "..\azure-documentdb-changefeedprocessor-dotnet\src\DocumentDB.ChangeFeedProcessor\DocumentDB.ChangeFeedProcessor.csproj", "{014A7C2A-906B-48F8-A998-5C5E73E26944}"
EndProject
Global
	GlobalSection(SolutionConfigurationPlatforms) = preSolution
		Debug|Any CPU = Debug|Any CPU
		Release|Any CPU = Release|Any CPU
	EndGlobalSection
	GlobalSection(ProjectConfigurationPlatforms) = postSolution
		{C1EF8573-3F6A-489C-9844-25FEEAA7CF11}.Debug|Any CPU.ActiveCfg = Debug|Any CPU
		{C1EF8573-3F6A-489C-9844-25FEEAA7CF11}.Debug|Any CPU.Build.0 = Debug|Any CPU
		{C1EF8573-3F6A-489C-9844-25FEEAA7CF11}.Release|Any CPU.ActiveCfg = Release|Any CPU
		{C1EF8573-3F6A-489C-9844-25FEEAA7CF11}.Release|Any CPU.Build.0 = Release|Any CPU
		{014A7C2A-906B-48F8-A998-5C5E73E26944}.Debug|Any CPU.ActiveCfg = Debug|Any CPU
		{014A7C2A-906B-48F8-A998-5C5E73E26944}.Debug|Any CPU.Build.0 = Debug|Any CPU
		{014A7C2A-906B-48F8-A998-5C5E73E26944}.Release|Any CPU.ActiveCfg = Release|Any CPU
		{014A7C2A-906B-48F8-A998-5C5E73E26944}.Release|Any CPU.Build.0 = Release|Any CPU
	EndGlobalSection
	GlobalSection(SolutionProperties) = preSolution
		HideSolutionNode = FALSE
	EndGlobalSection
	GlobalSection(ExtensibilityGlobals) = postSolution
		SolutionGuid = {AFB74785-AE8E-4CC6-8321-C4FF98E28308}
	EndGlobalSection
EndGlobal
